
Microsoft Visual Studio Solution File, Format Version 12.00
# Visual Studio Version 16
VisualStudioVersion = 16.0.30621.155
MinimumVisualStudioVersion = 10.0.40219.1
Project("{FAE04EC0-301F-11D3-BF4B-00C04F79EFBC}") = "Auto Tweaking Utility", "Auto Tweaking Utility.csproj", "{CEBCB452-F87C-42E8-AAE6-57FD6F27C750}"
EndProject
Global
	GlobalSection(SolutionConfigurationPlatforms) = preSolution
		Debug|Any CPU = Debug|Any CPU
		Release|Any CPU = Release|Any CPU
	EndGlobalSection
	GlobalSection(ProjectConfigurationPlatforms) = postSolution
		{CEBCB452-F87C-42E8-AAE6-57FD6F27C750}.Debug|Any CPU.ActiveCfg = Debug|Any CPU
		{CEBCB452-F87C-42E8-AAE6-57FD6F27C750}.Debug|Any CPU.Build.0 = Debug|Any CPU
		{CEBCB452-F87C-42E8-AAE6-57FD6F27C750}.Release|Any CPU.ActiveCfg = Release|Any CPU
		{CEBCB452-F87C-42E8-AAE6-57FD6F27C750}.Release|Any CPU.Build.0 = Release|Any CPU
	EndGlobalSection
	GlobalSection(SolutionProperties) = preSolution
		HideSolutionNode = FALSE
	EndGlobalSection
	GlobalSection(ExtensibilityGlobals) = postSolution
		SolutionGuid = {76FDCDA0-F91F-49BB-9A29-1B07368181D9}
	EndGlobalSection
EndGlobal
